
Microsoft Visual Studio Solution File, Format Version 12.00
# Visual Studio Version 16
VisualStudioVersion = 16.0.31112.23
MinimumVisualStudioVersion = 10.0.40219.1
Project("{9A19103F-16F7-4668-BE54-9A1E7A4F7556}") = "SixKeysOfTangrin", "SixKeysOfTangrin\SixKeysOfTangrin.csproj", "{307E8237-F1DB-4EA1-8F75-F509D394D52F}"
EndProject
Project("{9A19103F-16F7-4668-BE54-9A1E7A4F7556}") = "SixKeysOfTangrinTests", "SixKeysOfTangrinTests\SixKeysOfTangrinTests.csproj", "{53317C82-A0D0-4FD4-A2E4-1B75E99E0F82}"
EndProject
Project("{FAE04EC0-301F-11D3-BF4B-00C04F79EFBC}") = "Edvella.Devices", "Edvella.Devices\Edvella.Devices.csproj", "{A2B327AF-CD6D-4822-8944-5DBB421993F7}"
EndProject
Project("{FAE04EC0-301F-11D3-BF4B-00C04F79EFBC}") = "Edvella.DeviceTests", "Edvella.DeviceTests\Edvella.DeviceTests.csproj", "{58F0472F-F32E-4C25-BAC9-950F8AB33120}"
EndProject
Project("{FAE04EC0-301F-11D3-BF4B-00C04F79EFBC}") = "Edvella.Components", "Edvella.Components\Edvella.Components.csproj", "{C34918AE-C83E-40D3-ACDD-DA6FE828964D}"
EndProject
Global
	GlobalSection(SolutionConfigurationPlatforms) = preSolution
		Debug|Any CPU = Debug|Any CPU
		Release|Any CPU = Release|Any CPU
	EndGlobalSection
	GlobalSection(ProjectConfigurationPlatforms) = postSolution
		{307E8237-F1DB-4EA1-8F75-F509D394D52F}.Debug|Any CPU.ActiveCfg = Debug|Any CPU
		{307E8237-F1DB-4EA1-8F75-F509D394D52F}.Debug|Any CPU.Build.0 = Debug|Any CPU
		{307E8237-F1DB-4EA1-8F75-F509D394D52F}.Release|Any CPU.ActiveCfg = Release|Any CPU
		{307E8237-F1DB-4EA1-8F75-F509D394D52F}.Release|Any CPU.Build.0 = Release|Any CPU
		{53317C82-A0D0-4FD4-A2E4-1B75E99E0F82}.Debug|Any CPU.ActiveCfg = Debug|Any CPU
		{53317C82-A0D0-4FD4-A2E4-1B75E99E0F82}.Debug|Any CPU.Build.0 = Debug|Any CPU
		{53317C82-A0D0-4FD4-A2E4-1B75E99E0F82}.Release|Any CPU.ActiveCfg = Release|Any CPU
		{53317C82-A0D0-4FD4-A2E4-1B75E99E0F82}.Release|Any CPU.Build.0 = Release|Any CPU
		{A2B327AF-CD6D-4822-8944-5DBB421993F7}.Debug|Any CPU.ActiveCfg = Debug|Any CPU
		{A2B327AF-CD6D-4822-8944-5DBB421993F7}.Debug|Any CPU.Build.0 = Debug|Any CPU
		{A2B327AF-CD6D-4822-8944-5DBB421993F7}.Release|Any CPU.ActiveCfg = Release|Any CPU
		{A2B327AF-CD6D-4822-8944-5DBB421993F7}.Release|Any CPU.Build.0 = Release|Any CPU
		{58F0472F-F32E-4C25-BAC9-950F8AB33120}.Debug|Any CPU.ActiveCfg = Debug|Any CPU
		{58F0472F-F32E-4C25-BAC9-950F8AB33120}.Debug|Any CPU.Build.0 = Debug|Any CPU
		{58F0472F-F32E-4C25-BAC9-950F8AB33120}.Release|Any CPU.ActiveCfg = Release|Any CPU
		{58F0472F-F32E-4C25-BAC9-950F8AB33120}.Release|Any CPU.Build.0 = Release|Any CPU
		{C34918AE-C83E-40D3-ACDD-DA6FE828964D}.Debug|Any CPU.ActiveCfg = Debug|Any CPU
		{C34918AE-C83E-40D3-ACDD-DA6FE828964D}.Debug|Any CPU.Build.0 = Debug|Any CPU
		{C34918AE-C83E-40D3-ACDD-DA6FE828964D}.Release|Any CPU.ActiveCfg = Release|Any CPU
		{C34918AE-C83E-40D3-ACDD-DA6FE828964D}.Release|Any CPU.Build.0 = Release|Any CPU
	EndGlobalSection
	GlobalSection(SolutionProperties) = preSolution
		HideSolutionNode = FALSE
	EndGlobalSection
	GlobalSection(ExtensibilityGlobals) = postSolution
		SolutionGuid = {4488047A-F94D-4419-B198-4C2D7223E438}
	EndGlobalSection
EndGlobal
